
Microsoft Visual Studio Solution File, Format Version 12.00
# Visual Studio Version 16
VisualStudioVersion = 16.0.31424.327
MinimumVisualStudioVersion = 10.0.40219.1
Project("{FAE04EC0-301F-11D3-BF4B-00C04F79EFBC}") = "Pig Latin Exercise", "Pig Latin Exercise\Pig Latin Exercise.csproj", "{771C70EB-23E7-421D-8A11-A8A1EB5F781F}"
EndProject
Global
	GlobalSection(SolutionConfigurationPlatforms) = preSolution
		Debug|Any CPU = Debug|Any CPU
		Release|Any CPU = Release|Any CPU
	EndGlobalSection
	GlobalSection(ProjectConfigurationPlatforms) = postSolution
		{771C70EB-23E7-421D-8A11-A8A1EB5F781F}.Debug|Any CPU.ActiveCfg = Debug|Any CPU
		{771C70EB-23E7-421D-8A11-A8A1EB5F781F}.Debug|Any CPU.Build.0 = Debug|Any CPU
		{771C70EB-23E7-421D-8A11-A8A1EB5F781F}.Release|Any CPU.ActiveCfg = Release|Any CPU
		{771C70EB-23E7-421D-8A11-A8A1EB5F781F}.Release|Any CPU.Build.0 = Release|Any CPU
	EndGlobalSection
	GlobalSection(SolutionProperties) = preSolution
		HideSolutionNode = FALSE
	EndGlobalSection
	GlobalSection(ExtensibilityGlobals) = postSolution
		SolutionGuid = {D481AAB2-F5A9-4FC9-A09D-2F2548C706CA}
	EndGlobalSection
EndGlobal
